<?xml version="1.0" encoding="utf-8"?>
<Project ToolsVersion="4.0" xmlns="http://schemas.microsoft.com/developer/msbuild/2003">
  <ItemGroup>
    <Filter Include="Source Files">
      <UniqueIdentifier>{4FC737F1-C7A5-4376-A066-2A32D752A2FF}</UniqueIdentifier>
      <Extensions>cpp;c;cc;cxx;def;odl;idl;hpj;bat;asm;asmx</Extensions>
    </Filter>
    <Filter Include="Header Files">
      <UniqueIdentifier>{93995380-89BD-4b04-88EB-625FBE52EBFB}</UniqueIdentifier>
      <Extensions>h;hh;hpp;hxx;hm;inl;inc;xsd</Extensions>
    </Filter>
    <Filter Include="Resource Files">
      <UniqueIdentifier>{67DA6AB6-F800-4c08-8B7A-83BB121AAD01}</UniqueIdentifier>
      <Extensions>qrc;rc;ico;cur;bmp;dlg;rc2;rct;bin;rgs;gif;jpg;jpeg;jpe;resx;tiff;tif;png;wav;mfcribbon-ms</Extensions>
    </Filter>
    <Filter Include="Form Files">
      <UniqueIdentifier>{99349809-55BA-4b9d-BF79-8FDBB0286EB3}</UniqueIdentifier>
      <Extensions>ui</Extensions>
    </Filter>
    <Filter Include="Translation Files">
      <UniqueIdentifier>{639EADAA-A684-42e4-A9AD-28FC9BCB8F7C}</UniqueIdentifier>
      <Extensions>ts</Extensions>
    </Filter>
  </ItemGroup>
  <ItemGroup>
    <QtRcc Include="FinalProjectQT.qrc">
      <Filter>Resource Files</Filter>
    </QtRcc>
    <QtUic Include="FinalProjectQT.ui">
      <Filter>Form Files</Filter>
    </QtUic>
    <QtMoc Include="FinalProjectQT.h">
      <Filter>Header Files</Filter>
    </QtMoc>
    <ClCompile Include="FinalProjectQT.cpp">
      <Filter>Source Files</Filter>
    </ClCompile>
  </ItemGroup>
  <ItemGroup>
    <ClCompile Include="main.cpp">
      <Filter>Source Files</Filter>
    </ClCompile>
    <ClCompile Include="QViewport.cpp">
      <Filter>Source Files</Filter>
    </ClCompile>
    <ClCompile Include="Icosahedron.cpp">
      <Filter>Source Files</Filter>
    </ClCompile>
    <ClCompile Include="3dsloader.cpp">
      <Filter>Source Files</Filter>
    </ClCompile>
    <ClCompile Include="textfile.cpp">
      <Filter>Source Files</Filter>
    </ClCompile>
    <ClCompile Include="texture.cpp">
      <Filter>Source Files</Filter>
    </ClCompile>
    <ClCompile Include="Vector3f.cpp">
      <Filter>Source Files</Filter>
    </ClCompile>
    <ClCompile Include="tga.c">
      <Filter>Source Files</Filter>
    </ClCompile>
  </ItemGroup>
  <ItemGroup>
    <QtMoc Include="QViewport.h">
      <Filter>Header Files</Filter>
    </QtMoc>
  </ItemGroup>
  <ItemGroup>
    <ClInclude Include="Icosahedron.h">
      <Filter>Header Files</Filter>
    </ClInclude>
    <ClInclude Include="OpenGL.h">
      <Filter>Header Files</Filter>
    </ClInclude>
    <ClInclude Include="3dsloader.h">
      <Filter>Header Files</Filter>
    </ClInclude>
    <ClInclude Include="textfile.h">
      <Filter>Header Files</Filter>
    </ClInclude>
    <ClInclude Include="texture.h">
      <Filter>Header Files</Filter>
    </ClInclude>
    <ClInclude Include="Vector3f.h">
      <Filter>Header Files</Filter>
    </ClInclude>
    <ClInclude Include="tga.h">
      <Filter>Header Files</Filter>
    </ClInclude>
  </ItemGroup>
  <ItemGroup>
    <Image Include="blendial.tga" />
    <Image Include="blendis.tga" />
    <Image Include="blendis2.tga" />
    <Image Include="blendl2.tga" />
    <Image Include="blenglas.tga" />
    <Image Include="blenref.tga" />
    <Image Include="hbltel_1.bmp">
      <Filter>Resource Files</Filter>
    </Image>
    <Image Include="hbltel_2.bmp">
      <Filter>Resource Files</Filter>
    </Image>
    <Image Include="hbltel_3.bmp">
      <Filter>Resource Files</Filter>
    </Image>
    <Image Include="hbltel_4.bmp">
      <Filter>Resource Files</Filter>
    </Image>
    <Image Include="hbltel_w.bmp">
      <Filter>Resource Files</Filter>
    </Image>
    <Image Include="hbltel_w.tga" />
    <Image Include="sidemap1.tga" />
    <Image Include="sidemap2.tga" />
    <Image Include="spaceshiptexture.bmp">
      <Filter>Resource Files</Filter>
    </Image>
    <Image Include="white.tga" />
  </ItemGroup>
  <ItemGroup>
    <None Include="custom1.frag" />
    <None Include="custom1.vert" />
    <None Include="custom2.frag" />
    <None Include="custom2.vert" />
    <None Include="normal.frag" />
    <None Include="normal.vert" />
    <None Include="perPixel.frag" />
    <None Include="perPixel.vert" />
    <None Include="phong.frag" />
    <None Include="phong.vert" />
    <None Include="spaceship.3DS" />
    <None Include="tolcwrm1.3ds" />
    <None Include="toonf2.frag" />
    <None Include="toonf2.vert" />
    <None Include="wfpc2.3ds" />
    <None Include="Zepplin2.3ds" />
  </ItemGroup>
</Project>